
Microsoft Visual Studio Solution File, Format Version 12.00
# Visual Studio Version 17
VisualStudioVersion = 17.7.34009.444
MinimumVisualStudioVersion = 10.0.40219.1
Project("{FAE04EC0-301F-11D3-BF4B-00C04F79EFBC}") = "Exercicio02", "Exercicio02.csproj", "{3D090942-39E1-444F-AA72-1A2EBACFB64C}"
EndProject
Global
	GlobalSection(SolutionConfigurationPlatforms) = preSolution
		Debug|Any CPU = Debug|Any CPU
		Release|Any CPU = Release|Any CPU
	EndGlobalSection
	GlobalSection(ProjectConfigurationPlatforms) = postSolution
		{3D090942-39E1-444F-AA72-1A2EBACFB64C}.Debug|Any CPU.ActiveCfg = Debug|Any CPU
		{3D090942-39E1-444F-AA72-1A2EBACFB64C}.Debug|Any CPU.Build.0 = Debug|Any CPU
		{3D090942-39E1-444F-AA72-1A2EBACFB64C}.Release|Any CPU.ActiveCfg = Release|Any CPU
		{3D090942-39E1-444F-AA72-1A2EBACFB64C}.Release|Any CPU.Build.0 = Release|Any CPU
	EndGlobalSection
	GlobalSection(SolutionProperties) = preSolution
		HideSolutionNode = FALSE
	EndGlobalSection
	GlobalSection(ExtensibilityGlobals) = postSolution
		SolutionGuid = {9E333ED3-B8F0-4F5D-A09E-131D384C5241}
	EndGlobalSection
EndGlobal
