
Microsoft Visual Studio Solution File, Format Version 12.00
# Visual Studio Version 17
VisualStudioVersion = 17.7.34009.444
MinimumVisualStudioVersion = 10.0.40219.1
Project("{FAE04EC0-301F-11D3-BF4B-00C04F79EFBC}") = "Exercicio1", "Exercicio1.csproj", "{93958B36-EBE2-4097-B21A-A76D4D7317E5}"
EndProject
Project("{FAE04EC0-301F-11D3-BF4B-00C04F79EFBC}") = "Exercicio2", "..\Exercicio2\Exercicio2.csproj", "{EAAA4B0A-8CC4-4F4D-817B-EDB3ACF07334}"
EndProject
Global
	GlobalSection(SolutionConfigurationPlatforms) = preSolution
		Debug|Any CPU = Debug|Any CPU
		Release|Any CPU = Release|Any CPU
	EndGlobalSection
	GlobalSection(ProjectConfigurationPlatforms) = postSolution
		{93958B36-EBE2-4097-B21A-A76D4D7317E5}.Debug|Any CPU.ActiveCfg = Debug|Any CPU
		{93958B36-EBE2-4097-B21A-A76D4D7317E5}.Debug|Any CPU.Build.0 = Debug|Any CPU
		{93958B36-EBE2-4097-B21A-A76D4D7317E5}.Release|Any CPU.ActiveCfg = Release|Any CPU
		{93958B36-EBE2-4097-B21A-A76D4D7317E5}.Release|Any CPU.Build.0 = Release|Any CPU
		{EAAA4B0A-8CC4-4F4D-817B-EDB3ACF07334}.Debug|Any CPU.ActiveCfg = Debug|Any CPU
		{EAAA4B0A-8CC4-4F4D-817B-EDB3ACF07334}.Debug|Any CPU.Build.0 = Debug|Any CPU
		{EAAA4B0A-8CC4-4F4D-817B-EDB3ACF07334}.Release|Any CPU.ActiveCfg = Release|Any CPU
		{EAAA4B0A-8CC4-4F4D-817B-EDB3ACF07334}.Release|Any CPU.Build.0 = Release|Any CPU
	EndGlobalSection
	GlobalSection(SolutionProperties) = preSolution
		HideSolutionNode = FALSE
	EndGlobalSection
	GlobalSection(ExtensibilityGlobals) = postSolution
		SolutionGuid = {A5C67494-9562-4E65-8B9E-5B0F09115B7B}
	EndGlobalSection
EndGlobal
