
Microsoft Visual Studio Solution File, Format Version 12.00
# Visual Studio Version 17
VisualStudioVersion = 17.7.34009.444
MinimumVisualStudioVersion = 10.0.40219.1
Project("{FAE04EC0-301F-11D3-BF4B-00C04F79EFBC}") = "Exercicio04_Collections", "Exercicio04_Collections.csproj", "{A32555D1-D4D2-4FFF-9A44-E6847BAF2A48}"
EndProject
Global
	GlobalSection(SolutionConfigurationPlatforms) = preSolution
		Debug|Any CPU = Debug|Any CPU
		Release|Any CPU = Release|Any CPU
	EndGlobalSection
	GlobalSection(ProjectConfigurationPlatforms) = postSolution
		{A32555D1-D4D2-4FFF-9A44-E6847BAF2A48}.Debug|Any CPU.ActiveCfg = Debug|Any CPU
		{A32555D1-D4D2-4FFF-9A44-E6847BAF2A48}.Debug|Any CPU.Build.0 = Debug|Any CPU
		{A32555D1-D4D2-4FFF-9A44-E6847BAF2A48}.Release|Any CPU.ActiveCfg = Release|Any CPU
		{A32555D1-D4D2-4FFF-9A44-E6847BAF2A48}.Release|Any CPU.Build.0 = Release|Any CPU
	EndGlobalSection
	GlobalSection(SolutionProperties) = preSolution
		HideSolutionNode = FALSE
	EndGlobalSection
	GlobalSection(ExtensibilityGlobals) = postSolution
		SolutionGuid = {CE6D4A83-22D3-4D2E-B481-4E9CFDD168B8}
	EndGlobalSection
EndGlobal
