
Microsoft Visual Studio Solution File, Format Version 12.00
# Visual Studio Version 17
VisualStudioVersion = 17.7.34009.444
MinimumVisualStudioVersion = 10.0.40219.1
Project("{FAE04EC0-301F-11D3-BF4B-00C04F79EFBC}") = "Matrizes", "Matrizes.csproj", "{7B689ECC-23C6-4CBE-B841-97F6A3235029}"
EndProject
Global
	GlobalSection(SolutionConfigurationPlatforms) = preSolution
		Debug|Any CPU = Debug|Any CPU
		Release|Any CPU = Release|Any CPU
	EndGlobalSection
	GlobalSection(ProjectConfigurationPlatforms) = postSolution
		{7B689ECC-23C6-4CBE-B841-97F6A3235029}.Debug|Any CPU.ActiveCfg = Debug|Any CPU
		{7B689ECC-23C6-4CBE-B841-97F6A3235029}.Debug|Any CPU.Build.0 = Debug|Any CPU
		{7B689ECC-23C6-4CBE-B841-97F6A3235029}.Release|Any CPU.ActiveCfg = Release|Any CPU
		{7B689ECC-23C6-4CBE-B841-97F6A3235029}.Release|Any CPU.Build.0 = Release|Any CPU
	EndGlobalSection
	GlobalSection(SolutionProperties) = preSolution
		HideSolutionNode = FALSE
	EndGlobalSection
	GlobalSection(ExtensibilityGlobals) = postSolution
		SolutionGuid = {3B665FAD-5F5C-444D-B772-B83895647BBC}
	EndGlobalSection
EndGlobal
