
Microsoft Visual Studio Solution File, Format Version 12.00
# Visual Studio Version 17
VisualStudioVersion = 17.7.34009.444
MinimumVisualStudioVersion = 10.0.40219.1
Project("{FAE04EC0-301F-11D3-BF4B-00C04F79EFBC}") = "Exercicio2", "Exercicio2.csproj", "{EB12DAF5-1543-41B5-8FE8-3F56728ED7F4}"
EndProject
Global
	GlobalSection(SolutionConfigurationPlatforms) = preSolution
		Debug|Any CPU = Debug|Any CPU
		Release|Any CPU = Release|Any CPU
	EndGlobalSection
	GlobalSection(ProjectConfigurationPlatforms) = postSolution
		{EB12DAF5-1543-41B5-8FE8-3F56728ED7F4}.Debug|Any CPU.ActiveCfg = Debug|Any CPU
		{EB12DAF5-1543-41B5-8FE8-3F56728ED7F4}.Debug|Any CPU.Build.0 = Debug|Any CPU
		{EB12DAF5-1543-41B5-8FE8-3F56728ED7F4}.Release|Any CPU.ActiveCfg = Release|Any CPU
		{EB12DAF5-1543-41B5-8FE8-3F56728ED7F4}.Release|Any CPU.Build.0 = Release|Any CPU
	EndGlobalSection
	GlobalSection(SolutionProperties) = preSolution
		HideSolutionNode = FALSE
	EndGlobalSection
	GlobalSection(ExtensibilityGlobals) = postSolution
		SolutionGuid = {E4383AA0-C5B3-46DB-937E-274DE72615A1}
	EndGlobalSection
EndGlobal
