
Microsoft Visual Studio Solution File, Format Version 12.00
# Visual Studio Version 17
VisualStudioVersion = 17.7.34009.444
MinimumVisualStudioVersion = 10.0.40219.1
Project("{FAE04EC0-301F-11D3-BF4B-00C04F79EFBC}") = "Exercicio03_Collections", "Exercicio03_Collections.csproj", "{34CB1232-2CC5-4A94-BD68-1A4DAE6026CC}"
EndProject
Global
	GlobalSection(SolutionConfigurationPlatforms) = preSolution
		Debug|Any CPU = Debug|Any CPU
		Release|Any CPU = Release|Any CPU
	EndGlobalSection
	GlobalSection(ProjectConfigurationPlatforms) = postSolution
		{34CB1232-2CC5-4A94-BD68-1A4DAE6026CC}.Debug|Any CPU.ActiveCfg = Debug|Any CPU
		{34CB1232-2CC5-4A94-BD68-1A4DAE6026CC}.Debug|Any CPU.Build.0 = Debug|Any CPU
		{34CB1232-2CC5-4A94-BD68-1A4DAE6026CC}.Release|Any CPU.ActiveCfg = Release|Any CPU
		{34CB1232-2CC5-4A94-BD68-1A4DAE6026CC}.Release|Any CPU.Build.0 = Release|Any CPU
	EndGlobalSection
	GlobalSection(SolutionProperties) = preSolution
		HideSolutionNode = FALSE
	EndGlobalSection
	GlobalSection(ExtensibilityGlobals) = postSolution
		SolutionGuid = {3E8AF9F6-177A-4322-A800-AB6078BAE744}
	EndGlobalSection
EndGlobal
