
Microsoft Visual Studio Solution File, Format Version 12.00
# Visual Studio Version 17
VisualStudioVersion = 17.7.34009.444
MinimumVisualStudioVersion = 10.0.40219.1
Project("{FAE04EC0-301F-11D3-BF4B-00C04F79EFBC}") = "Fila", "Fila.csproj", "{AF724026-F15B-4F18-871E-03BA166EE63C}"
EndProject
Global
	GlobalSection(SolutionConfigurationPlatforms) = preSolution
		Debug|Any CPU = Debug|Any CPU
		Release|Any CPU = Release|Any CPU
	EndGlobalSection
	GlobalSection(ProjectConfigurationPlatforms) = postSolution
		{AF724026-F15B-4F18-871E-03BA166EE63C}.Debug|Any CPU.ActiveCfg = Debug|Any CPU
		{AF724026-F15B-4F18-871E-03BA166EE63C}.Debug|Any CPU.Build.0 = Debug|Any CPU
		{AF724026-F15B-4F18-871E-03BA166EE63C}.Release|Any CPU.ActiveCfg = Release|Any CPU
		{AF724026-F15B-4F18-871E-03BA166EE63C}.Release|Any CPU.Build.0 = Release|Any CPU
	EndGlobalSection
	GlobalSection(SolutionProperties) = preSolution
		HideSolutionNode = FALSE
	EndGlobalSection
	GlobalSection(ExtensibilityGlobals) = postSolution
		SolutionGuid = {40EB8045-BDBC-4F00-AE6C-6B893B2E50F0}
	EndGlobalSection
EndGlobal
