
Microsoft Visual Studio Solution File, Format Version 12.00
# Visual Studio Version 17
VisualStudioVersion = 17.7.34009.444
MinimumVisualStudioVersion = 10.0.40219.1
Project("{FAE04EC0-301F-11D3-BF4B-00C04F79EFBC}") = "PlanoSaude", "PlanoSaude.csproj", "{3FD15403-CB27-476C-9A2F-607D39C96A90}"
EndProject
Project("{FAE04EC0-301F-11D3-BF4B-00C04F79EFBC}") = "RH", "..\RH\RH.csproj", "{D5A572FA-D281-41CB-AFA2-4483AE79F850}"
EndProject
Project("{FAE04EC0-301F-11D3-BF4B-00C04F79EFBC}") = "Notas", "..\Notas\Notas.csproj", "{5B4A5E23-2861-47B2-9CBB-236FDB54A129}"
EndProject
Global
	GlobalSection(SolutionConfigurationPlatforms) = preSolution
		Debug|Any CPU = Debug|Any CPU
		Release|Any CPU = Release|Any CPU
	EndGlobalSection
	GlobalSection(ProjectConfigurationPlatforms) = postSolution
		{3FD15403-CB27-476C-9A2F-607D39C96A90}.Debug|Any CPU.ActiveCfg = Debug|Any CPU
		{3FD15403-CB27-476C-9A2F-607D39C96A90}.Debug|Any CPU.Build.0 = Debug|Any CPU
		{3FD15403-CB27-476C-9A2F-607D39C96A90}.Release|Any CPU.ActiveCfg = Release|Any CPU
		{3FD15403-CB27-476C-9A2F-607D39C96A90}.Release|Any CPU.Build.0 = Release|Any CPU
		{D5A572FA-D281-41CB-AFA2-4483AE79F850}.Debug|Any CPU.ActiveCfg = Debug|Any CPU
		{D5A572FA-D281-41CB-AFA2-4483AE79F850}.Debug|Any CPU.Build.0 = Debug|Any CPU
		{D5A572FA-D281-41CB-AFA2-4483AE79F850}.Release|Any CPU.ActiveCfg = Release|Any CPU
		{D5A572FA-D281-41CB-AFA2-4483AE79F850}.Release|Any CPU.Build.0 = Release|Any CPU
		{5B4A5E23-2861-47B2-9CBB-236FDB54A129}.Debug|Any CPU.ActiveCfg = Debug|Any CPU
		{5B4A5E23-2861-47B2-9CBB-236FDB54A129}.Debug|Any CPU.Build.0 = Debug|Any CPU
		{5B4A5E23-2861-47B2-9CBB-236FDB54A129}.Release|Any CPU.ActiveCfg = Release|Any CPU
		{5B4A5E23-2861-47B2-9CBB-236FDB54A129}.Release|Any CPU.Build.0 = Release|Any CPU
	EndGlobalSection
	GlobalSection(SolutionProperties) = preSolution
		HideSolutionNode = FALSE
	EndGlobalSection
	GlobalSection(ExtensibilityGlobals) = postSolution
		SolutionGuid = {6506381C-526A-4FDF-B3D2-996F2E9B07B2}
	EndGlobalSection
EndGlobal
