
Microsoft Visual Studio Solution File, Format Version 12.00
# Visual Studio Version 17
VisualStudioVersion = 17.7.34009.444
MinimumVisualStudioVersion = 10.0.40219.1
Project("{FAE04EC0-301F-11D3-BF4B-00C04F79EFBC}") = "Exercicio3", "Exercicio3.csproj", "{6967D5B3-5186-4350-AABE-AAAEC23CDCE5}"
EndProject
Global
	GlobalSection(SolutionConfigurationPlatforms) = preSolution
		Debug|Any CPU = Debug|Any CPU
		Release|Any CPU = Release|Any CPU
	EndGlobalSection
	GlobalSection(ProjectConfigurationPlatforms) = postSolution
		{6967D5B3-5186-4350-AABE-AAAEC23CDCE5}.Debug|Any CPU.ActiveCfg = Debug|Any CPU
		{6967D5B3-5186-4350-AABE-AAAEC23CDCE5}.Debug|Any CPU.Build.0 = Debug|Any CPU
		{6967D5B3-5186-4350-AABE-AAAEC23CDCE5}.Release|Any CPU.ActiveCfg = Release|Any CPU
		{6967D5B3-5186-4350-AABE-AAAEC23CDCE5}.Release|Any CPU.Build.0 = Release|Any CPU
	EndGlobalSection
	GlobalSection(SolutionProperties) = preSolution
		HideSolutionNode = FALSE
	EndGlobalSection
	GlobalSection(ExtensibilityGlobals) = postSolution
		SolutionGuid = {0C5D7909-9A8D-435F-AB97-F46F701F1188}
	EndGlobalSection
EndGlobal
