
Microsoft Visual Studio Solution File, Format Version 12.00
# Visual Studio Version 17
VisualStudioVersion = 17.7.34009.444
MinimumVisualStudioVersion = 10.0.40219.1
Project("{FAE04EC0-301F-11D3-BF4B-00C04F79EFBC}") = "Tabuada", "Tabuada.csproj", "{4FB5EC45-59B7-4385-B291-D18FCE6F36B3}"
EndProject
Project("{FAE04EC0-301F-11D3-BF4B-00C04F79EFBC}") = "Tabuada_While", "..\Tabuada_While\Tabuada_While.csproj", "{34F65776-8314-487D-B8BA-20EA40ABDD7A}"
EndProject
Project("{FAE04EC0-301F-11D3-BF4B-00C04F79EFBC}") = "Laco_Do", "..\Laco_Do\Laco_Do.csproj", "{90F47A4D-E051-40C0-BF55-31649CD73222}"
EndProject
Project("{FAE04EC0-301F-11D3-BF4B-00C04F79EFBC}") = "Pesquisa", "..\Pesquisa\Pesquisa.csproj", "{157F5022-AD47-4BB7-BFB5-E7BF0F112193}"
EndProject
Global
	GlobalSection(SolutionConfigurationPlatforms) = preSolution
		Debug|Any CPU = Debug|Any CPU
		Release|Any CPU = Release|Any CPU
	EndGlobalSection
	GlobalSection(ProjectConfigurationPlatforms) = postSolution
		{4FB5EC45-59B7-4385-B291-D18FCE6F36B3}.Debug|Any CPU.ActiveCfg = Debug|Any CPU
		{4FB5EC45-59B7-4385-B291-D18FCE6F36B3}.Debug|Any CPU.Build.0 = Debug|Any CPU
		{4FB5EC45-59B7-4385-B291-D18FCE6F36B3}.Release|Any CPU.ActiveCfg = Release|Any CPU
		{4FB5EC45-59B7-4385-B291-D18FCE6F36B3}.Release|Any CPU.Build.0 = Release|Any CPU
		{34F65776-8314-487D-B8BA-20EA40ABDD7A}.Debug|Any CPU.ActiveCfg = Debug|Any CPU
		{34F65776-8314-487D-B8BA-20EA40ABDD7A}.Debug|Any CPU.Build.0 = Debug|Any CPU
		{34F65776-8314-487D-B8BA-20EA40ABDD7A}.Release|Any CPU.ActiveCfg = Release|Any CPU
		{34F65776-8314-487D-B8BA-20EA40ABDD7A}.Release|Any CPU.Build.0 = Release|Any CPU
		{90F47A4D-E051-40C0-BF55-31649CD73222}.Debug|Any CPU.ActiveCfg = Debug|Any CPU
		{90F47A4D-E051-40C0-BF55-31649CD73222}.Debug|Any CPU.Build.0 = Debug|Any CPU
		{90F47A4D-E051-40C0-BF55-31649CD73222}.Release|Any CPU.ActiveCfg = Release|Any CPU
		{90F47A4D-E051-40C0-BF55-31649CD73222}.Release|Any CPU.Build.0 = Release|Any CPU
		{157F5022-AD47-4BB7-BFB5-E7BF0F112193}.Debug|Any CPU.ActiveCfg = Debug|Any CPU
		{157F5022-AD47-4BB7-BFB5-E7BF0F112193}.Debug|Any CPU.Build.0 = Debug|Any CPU
		{157F5022-AD47-4BB7-BFB5-E7BF0F112193}.Release|Any CPU.ActiveCfg = Release|Any CPU
		{157F5022-AD47-4BB7-BFB5-E7BF0F112193}.Release|Any CPU.Build.0 = Release|Any CPU
	EndGlobalSection
	GlobalSection(SolutionProperties) = preSolution
		HideSolutionNode = FALSE
	EndGlobalSection
	GlobalSection(ExtensibilityGlobals) = postSolution
		SolutionGuid = {B51C8E88-4E7A-4F6C-B6B7-74E2C8AD180E}
	EndGlobalSection
EndGlobal
