
Microsoft Visual Studio Solution File, Format Version 12.00
# Visual Studio Version 17
VisualStudioVersion = 17.7.34009.444
MinimumVisualStudioVersion = 10.0.40219.1
Project("{FAE04EC0-301F-11D3-BF4B-00C04F79EFBC}") = "Métodos", "Métodos.csproj", "{0C025483-95F6-4B09-8BBF-6EB23F6478B1}"
EndProject
Project("{FAE04EC0-301F-11D3-BF4B-00C04F79EFBC}") = "Metodos_02", "..\Metodos_02\Metodos_02.csproj", "{7D26D299-E0F1-489C-A7D1-CC163D3EBB2D}"
EndProject
Global
	GlobalSection(SolutionConfigurationPlatforms) = preSolution
		Debug|Any CPU = Debug|Any CPU
		Release|Any CPU = Release|Any CPU
	EndGlobalSection
	GlobalSection(ProjectConfigurationPlatforms) = postSolution
		{0C025483-95F6-4B09-8BBF-6EB23F6478B1}.Debug|Any CPU.ActiveCfg = Debug|Any CPU
		{0C025483-95F6-4B09-8BBF-6EB23F6478B1}.Debug|Any CPU.Build.0 = Debug|Any CPU
		{0C025483-95F6-4B09-8BBF-6EB23F6478B1}.Release|Any CPU.ActiveCfg = Release|Any CPU
		{0C025483-95F6-4B09-8BBF-6EB23F6478B1}.Release|Any CPU.Build.0 = Release|Any CPU
		{7D26D299-E0F1-489C-A7D1-CC163D3EBB2D}.Debug|Any CPU.ActiveCfg = Debug|Any CPU
		{7D26D299-E0F1-489C-A7D1-CC163D3EBB2D}.Debug|Any CPU.Build.0 = Debug|Any CPU
		{7D26D299-E0F1-489C-A7D1-CC163D3EBB2D}.Release|Any CPU.ActiveCfg = Release|Any CPU
		{7D26D299-E0F1-489C-A7D1-CC163D3EBB2D}.Release|Any CPU.Build.0 = Release|Any CPU
	EndGlobalSection
	GlobalSection(SolutionProperties) = preSolution
		HideSolutionNode = FALSE
	EndGlobalSection
	GlobalSection(ExtensibilityGlobals) = postSolution
		SolutionGuid = {1B970D45-8134-40AA-B171-5277B390495D}
	EndGlobalSection
EndGlobal
